
Microsoft Visual Studio Solution File, Format Version 12.00
# Visual Studio Version 16
VisualStudioVersion = 16.0.29609.76
MinimumVisualStudioVersion = 10.0.40219.1
Project("{F184B08F-C81C-45F6-A57F-5ABD9991F28F}") = "RecordImporter", "RecordImporter\RecordImporter.vbproj", "{932B0DE9-A963-43D6-953B-587BE8A8DB53}"
EndProject
Project("{FAE04EC0-301F-11D3-BF4B-00C04F79EFBC}") = "RACEGUIObjectsLib", "RACEGUIObjectsLib\RACEGUIObjectsLib.csproj", "{EE3E4ECB-D543-43BB-91D3-C1D058F1806A}"
EndProject
Project("{9A19103F-16F7-4668-BE54-9A1E7A4F7556}") = "RecordImporter.IniHandler", "RecordImporter.IniHandler\RecordImporter.IniHandler.csproj", "{86072767-B9D5-4EBF-81BF-820CF427AF4C}"
EndProject
Project("{FAE04EC0-301F-11D3-BF4B-00C04F79EFBC}") = "RecordImporter.Wpf", "RecordImporter.Wpf\RecordImporter.Wpf.csproj", "{6864FD8B-B5F0-49D6-B71B-124215315BA7}"
EndProject
Project("{9A19103F-16F7-4668-BE54-9A1E7A4F7556}") = "RecordImporter.JsonSettings", "RecordImporter.JsonSettings\RecordImporter.JsonSettings.csproj", "{31B609A4-1014-4DE0-BB8C-DB556A7F35D1}"
EndProject
Project("{FAE04EC0-301F-11D3-BF4B-00C04F79EFBC}") = "OpenNETCF.Desktop.Communication", "OpenNETCF.Desktop.Communication\OpenNETCF.Desktop.Communication.csproj", "{60FD337B-8EB5-4E20-A951-6EBB09CCE442}"
EndProject
Project("{9A19103F-16F7-4668-BE54-9A1E7A4F7556}") = "RecordImporter.Model", "RecordImporter.Model\RecordImporter.Model.csproj", "{8CD9B19C-AADC-437E-BD09-2CE34A491AED}"
EndProject
Project("{2150E333-8FDC-42A3-9474-1A3956D46DE8}") = "Libraries", "Libraries", "{CC49F88E-8D5F-4EE2-9F60-1E3692EB3A06}"
EndProject
Project("{9A19103F-16F7-4668-BE54-9A1E7A4F7556}") = "RapiConnectivity", "RapiConnectivity\RapiConnectivity.csproj", "{E6AE1FC6-054E-4AFA-AF5D-36C15EC24B5B}"
EndProject
Project("{FAE04EC0-301F-11D3-BF4B-00C04F79EFBC}") = "Race.New.RapiLib", "Race.New.RapiLib\Race.New.RapiLib.csproj", "{6FCE181E-2CC9-4C78-9A4D-17797387C1E9}"
EndProject
Project("{FAE04EC0-301F-11D3-BF4B-00C04F79EFBC}") = "PortableDevices", "WPD\PortableDevices.csproj", "{54A55C7D-0660-48C1-ADC3-C4CD1BD39B86}"
EndProject
Project("{2150E333-8FDC-42A3-9474-1A3956D46DE8}") = "WPF", "WPF", "{D3630550-65E7-4AC5-ADC5-60B343BC2731}"
EndProject
Project("{FAE04EC0-301F-11D3-BF4B-00C04F79EFBC}") = "RecordImporter.Wpf.FileSystem", "RecordImporter.Wpf.FileSystem\RecordImporter.Wpf.FileSystem.csproj", "{12F562BD-5032-40CA-80EB-F8D19728543B}"
EndProject
Global
	GlobalSection(SolutionConfigurationPlatforms) = preSolution
		Debug|Any CPU = Debug|Any CPU
		Debug|x86 = Debug|x86
		Release|Any CPU = Release|Any CPU
		Release|x86 = Release|x86
	EndGlobalSection
	GlobalSection(ProjectConfigurationPlatforms) = postSolution
		{932B0DE9-A963-43D6-953B-587BE8A8DB53}.Debug|Any CPU.ActiveCfg = Debug|Any CPU
		{932B0DE9-A963-43D6-953B-587BE8A8DB53}.Debug|Any CPU.Build.0 = Debug|Any CPU
		{932B0DE9-A963-43D6-953B-587BE8A8DB53}.Debug|x86.ActiveCfg = Debug|Any CPU
		{932B0DE9-A963-43D6-953B-587BE8A8DB53}.Debug|x86.Build.0 = Debug|Any CPU
		{932B0DE9-A963-43D6-953B-587BE8A8DB53}.Release|Any CPU.ActiveCfg = Release|Any CPU
		{932B0DE9-A963-43D6-953B-587BE8A8DB53}.Release|Any CPU.Build.0 = Release|Any CPU
		{932B0DE9-A963-43D6-953B-587BE8A8DB53}.Release|x86.ActiveCfg = Release|Any CPU
		{932B0DE9-A963-43D6-953B-587BE8A8DB53}.Release|x86.Build.0 = Release|Any CPU
		{EE3E4ECB-D543-43BB-91D3-C1D058F1806A}.Debug|Any CPU.ActiveCfg = Debug|Any CPU
		{EE3E4ECB-D543-43BB-91D3-C1D058F1806A}.Debug|Any CPU.Build.0 = Debug|Any CPU
		{EE3E4ECB-D543-43BB-91D3-C1D058F1806A}.Debug|x86.ActiveCfg = Debug|Any CPU
		{EE3E4ECB-D543-43BB-91D3-C1D058F1806A}.Debug|x86.Build.0 = Debug|Any CPU
		{EE3E4ECB-D543-43BB-91D3-C1D058F1806A}.Release|Any CPU.ActiveCfg = Release|Any CPU
		{EE3E4ECB-D543-43BB-91D3-C1D058F1806A}.Release|Any CPU.Build.0 = Release|Any CPU
		{EE3E4ECB-D543-43BB-91D3-C1D058F1806A}.Release|x86.ActiveCfg = Release|Any CPU
		{EE3E4ECB-D543-43BB-91D3-C1D058F1806A}.Release|x86.Build.0 = Release|Any CPU
		{86072767-B9D5-4EBF-81BF-820CF427AF4C}.Debug|Any CPU.ActiveCfg = Debug|Any CPU
		{86072767-B9D5-4EBF-81BF-820CF427AF4C}.Debug|Any CPU.Build.0 = Debug|Any CPU
		{86072767-B9D5-4EBF-81BF-820CF427AF4C}.Debug|x86.ActiveCfg = Debug|Any CPU
		{86072767-B9D5-4EBF-81BF-820CF427AF4C}.Debug|x86.Build.0 = Debug|Any CPU
		{86072767-B9D5-4EBF-81BF-820CF427AF4C}.Release|Any CPU.ActiveCfg = Release|Any CPU
		{86072767-B9D5-4EBF-81BF-820CF427AF4C}.Release|Any CPU.Build.0 = Release|Any CPU
		{86072767-B9D5-4EBF-81BF-820CF427AF4C}.Release|x86.ActiveCfg = Release|Any CPU
		{86072767-B9D5-4EBF-81BF-820CF427AF4C}.Release|x86.Build.0 = Release|Any CPU
		{6864FD8B-B5F0-49D6-B71B-124215315BA7}.Debug|Any CPU.ActiveCfg = Debug|Any CPU
		{6864FD8B-B5F0-49D6-B71B-124215315BA7}.Debug|Any CPU.Build.0 = Debug|Any CPU
		{6864FD8B-B5F0-49D6-B71B-124215315BA7}.Debug|x86.ActiveCfg = Debug|Any CPU
		{6864FD8B-B5F0-49D6-B71B-124215315BA7}.Debug|x86.Build.0 = Debug|Any CPU
		{6864FD8B-B5F0-49D6-B71B-124215315BA7}.Release|Any CPU.ActiveCfg = Release|Any CPU
		{6864FD8B-B5F0-49D6-B71B-124215315BA7}.Release|Any CPU.Build.0 = Release|Any CPU
		{6864FD8B-B5F0-49D6-B71B-124215315BA7}.Release|x86.ActiveCfg = Release|Any CPU
		{6864FD8B-B5F0-49D6-B71B-124215315BA7}.Release|x86.Build.0 = Release|Any CPU
		{31B609A4-1014-4DE0-BB8C-DB556A7F35D1}.Debug|Any CPU.ActiveCfg = Debug|Any CPU
		{31B609A4-1014-4DE0-BB8C-DB556A7F35D1}.Debug|Any CPU.Build.0 = Debug|Any CPU
		{31B609A4-1014-4DE0-BB8C-DB556A7F35D1}.Debug|x86.ActiveCfg = Debug|Any CPU
		{31B609A4-1014-4DE0-BB8C-DB556A7F35D1}.Debug|x86.Build.0 = Debug|Any CPU
		{31B609A4-1014-4DE0-BB8C-DB556A7F35D1}.Release|Any CPU.ActiveCfg = Release|Any CPU
		{31B609A4-1014-4DE0-BB8C-DB556A7F35D1}.Release|Any CPU.Build.0 = Release|Any CPU
		{31B609A4-1014-4DE0-BB8C-DB556A7F35D1}.Release|x86.ActiveCfg = Release|Any CPU
		{31B609A4-1014-4DE0-BB8C-DB556A7F35D1}.Release|x86.Build.0 = Release|Any CPU
		{60FD337B-8EB5-4E20-A951-6EBB09CCE442}.Debug|Any CPU.ActiveCfg = Debug|Any CPU
		{60FD337B-8EB5-4E20-A951-6EBB09CCE442}.Debug|Any CPU.Build.0 = Debug|Any CPU
		{60FD337B-8EB5-4E20-A951-6EBB09CCE442}.Debug|x86.ActiveCfg = Debug|Any CPU
		{60FD337B-8EB5-4E20-A951-6EBB09CCE442}.Debug|x86.Build.0 = Debug|Any CPU
		{60FD337B-8EB5-4E20-A951-6EBB09CCE442}.Release|Any CPU.ActiveCfg = Release|Any CPU
		{60FD337B-8EB5-4E20-A951-6EBB09CCE442}.Release|Any CPU.Build.0 = Release|Any CPU
		{60FD337B-8EB5-4E20-A951-6EBB09CCE442}.Release|x86.ActiveCfg = Release|Any CPU
		{60FD337B-8EB5-4E20-A951-6EBB09CCE442}.Release|x86.Build.0 = Release|Any CPU
		{8CD9B19C-AADC-437E-BD09-2CE34A491AED}.Debug|Any CPU.ActiveCfg = Debug|Any CPU
		{8CD9B19C-AADC-437E-BD09-2CE34A491AED}.Debug|Any CPU.Build.0 = Debug|Any CPU
		{8CD9B19C-AADC-437E-BD09-2CE34A491AED}.Debug|x86.ActiveCfg = Debug|Any CPU
		{8CD9B19C-AADC-437E-BD09-2CE34A491AED}.Debug|x86.Build.0 = Debug|Any CPU
		{8CD9B19C-AADC-437E-BD09-2CE34A491AED}.Release|Any CPU.ActiveCfg = Release|Any CPU
		{8CD9B19C-AADC-437E-BD09-2CE34A491AED}.Release|Any CPU.Build.0 = Release|Any CPU
		{8CD9B19C-AADC-437E-BD09-2CE34A491AED}.Release|x86.ActiveCfg = Release|Any CPU
		{8CD9B19C-AADC-437E-BD09-2CE34A491AED}.Release|x86.Build.0 = Release|Any CPU
		{E6AE1FC6-054E-4AFA-AF5D-36C15EC24B5B}.Debug|Any CPU.ActiveCfg = Debug|Any CPU
		{E6AE1FC6-054E-4AFA-AF5D-36C15EC24B5B}.Debug|Any CPU.Build.0 = Debug|Any CPU
		{E6AE1FC6-054E-4AFA-AF5D-36C15EC24B5B}.Debug|x86.ActiveCfg = Debug|Any CPU
		{E6AE1FC6-054E-4AFA-AF5D-36C15EC24B5B}.Debug|x86.Build.0 = Debug|Any CPU
		{E6AE1FC6-054E-4AFA-AF5D-36C15EC24B5B}.Release|Any CPU.ActiveCfg = Release|Any CPU
		{E6AE1FC6-054E-4AFA-AF5D-36C15EC24B5B}.Release|Any CPU.Build.0 = Release|Any CPU
		{E6AE1FC6-054E-4AFA-AF5D-36C15EC24B5B}.Release|x86.ActiveCfg = Release|Any CPU
		{E6AE1FC6-054E-4AFA-AF5D-36C15EC24B5B}.Release|x86.Build.0 = Release|Any CPU
		{6FCE181E-2CC9-4C78-9A4D-17797387C1E9}.Debug|Any CPU.ActiveCfg = Debug|Any CPU
		{6FCE181E-2CC9-4C78-9A4D-17797387C1E9}.Debug|Any CPU.Build.0 = Debug|Any CPU
		{6FCE181E-2CC9-4C78-9A4D-17797387C1E9}.Debug|x86.ActiveCfg = Debug|Any CPU
		{6FCE181E-2CC9-4C78-9A4D-17797387C1E9}.Debug|x86.Build.0 = Debug|Any CPU
		{6FCE181E-2CC9-4C78-9A4D-17797387C1E9}.Release|Any CPU.ActiveCfg = Release|Any CPU
		{6FCE181E-2CC9-4C78-9A4D-17797387C1E9}.Release|Any CPU.Build.0 = Release|Any CPU
		{6FCE181E-2CC9-4C78-9A4D-17797387C1E9}.Release|x86.ActiveCfg = Release|Any CPU
		{6FCE181E-2CC9-4C78-9A4D-17797387C1E9}.Release|x86.Build.0 = Release|Any CPU
		{54A55C7D-0660-48C1-ADC3-C4CD1BD39B86}.Debug|Any CPU.ActiveCfg = Debug|x86
		{54A55C7D-0660-48C1-ADC3-C4CD1BD39B86}.Debug|x86.ActiveCfg = Debug|x86
		{54A55C7D-0660-48C1-ADC3-C4CD1BD39B86}.Debug|x86.Build.0 = Debug|x86
		{54A55C7D-0660-48C1-ADC3-C4CD1BD39B86}.Release|Any CPU.ActiveCfg = Release|x86
		{54A55C7D-0660-48C1-ADC3-C4CD1BD39B86}.Release|x86.ActiveCfg = Release|x86
		{54A55C7D-0660-48C1-ADC3-C4CD1BD39B86}.Release|x86.Build.0 = Release|x86
		{12F562BD-5032-40CA-80EB-F8D19728543B}.Debug|Any CPU.ActiveCfg = Debug|Any CPU
		{12F562BD-5032-40CA-80EB-F8D19728543B}.Debug|Any CPU.Build.0 = Debug|Any CPU
		{12F562BD-5032-40CA-80EB-F8D19728543B}.Debug|x86.ActiveCfg = Debug|Any CPU
		{12F562BD-5032-40CA-80EB-F8D19728543B}.Debug|x86.Build.0 = Debug|Any CPU
		{12F562BD-5032-40CA-80EB-F8D19728543B}.Release|Any CPU.ActiveCfg = Release|Any CPU
		{12F562BD-5032-40CA-80EB-F8D19728543B}.Release|Any CPU.Build.0 = Release|Any CPU
		{12F562BD-5032-40CA-80EB-F8D19728543B}.Release|x86.ActiveCfg = Release|Any CPU
		{12F562BD-5032-40CA-80EB-F8D19728543B}.Release|x86.Build.0 = Release|Any CPU
	EndGlobalSection
	GlobalSection(SolutionProperties) = preSolution
		HideSolutionNode = FALSE
	EndGlobalSection
	GlobalSection(NestedProjects) = preSolution
		{86072767-B9D5-4EBF-81BF-820CF427AF4C} = {D3630550-65E7-4AC5-ADC5-60B343BC2731}
		{6864FD8B-B5F0-49D6-B71B-124215315BA7} = {D3630550-65E7-4AC5-ADC5-60B343BC2731}
		{31B609A4-1014-4DE0-BB8C-DB556A7F35D1} = {D3630550-65E7-4AC5-ADC5-60B343BC2731}
		{8CD9B19C-AADC-437E-BD09-2CE34A491AED} = {D3630550-65E7-4AC5-ADC5-60B343BC2731}
		{E6AE1FC6-054E-4AFA-AF5D-36C15EC24B5B} = {CC49F88E-8D5F-4EE2-9F60-1E3692EB3A06}
		{54A55C7D-0660-48C1-ADC3-C4CD1BD39B86} = {CC49F88E-8D5F-4EE2-9F60-1E3692EB3A06}
		{12F562BD-5032-40CA-80EB-F8D19728543B} = {D3630550-65E7-4AC5-ADC5-60B343BC2731}
	EndGlobalSection
	GlobalSection(ExtensibilityGlobals) = postSolution
		SolutionGuid = {9B8CAD39-8F4A-4AF7-8F98-DD2260883096}
	EndGlobalSection
EndGlobal
