
Microsoft Visual Studio Solution File, Format Version 11.00
# Visual Studio 2010
Project("{FAE04EC0-301F-11D3-BF4B-00C04F79EFBC}") = "RACEGUIObjectsLib", "RACEGUIObjectsLib.csproj", "{EE3E4ECB-D543-43BB-91D3-C1D058F1806A}"
EndProject
Global
	GlobalSection(SourceCodeControl) = preSolution
		SccNumberOfProjects = 2
		SccLocalPath0 = .
		SccProjectUniqueName1 = RACEGUIObjectsLib.csproj
		SccLocalPath1 = .
	EndGlobalSection
	GlobalSection(SolutionConfigurationPlatforms) = preSolution
		Debug|Any CPU = Debug|Any CPU
		Release|Any CPU = Release|Any CPU
	EndGlobalSection
	GlobalSection(ProjectConfigurationPlatforms) = postSolution
		{EE3E4ECB-D543-43BB-91D3-C1D058F1806A}.Debug|Any CPU.ActiveCfg = Debug|Any CPU
		{EE3E4ECB-D543-43BB-91D3-C1D058F1806A}.Debug|Any CPU.Build.0 = Debug|Any CPU
		{EE3E4ECB-D543-43BB-91D3-C1D058F1806A}.Release|Any CPU.ActiveCfg = Release|Any CPU
		{EE3E4ECB-D543-43BB-91D3-C1D058F1806A}.Release|Any CPU.Build.0 = Release|Any CPU
	EndGlobalSection
	GlobalSection(SolutionProperties) = preSolution
		HideSolutionNode = FALSE
	EndGlobalSection
EndGlobal
